
Microsoft Visual Studio Solution File, Format Version 12.00
# Visual Studio Version 16
VisualStudioVersion = 16.0.30225.117
MinimumVisualStudioVersion = 10.0.40219.1
Project("{FAE04EC0-301F-11D3-BF4B-00C04F79EFBC}") = "BooksManagement", "BooksManagement\BooksManagement.csproj", "{C64C7438-13DA-4EDB-A1B6-16967929B59F}"
EndProject
Global
	GlobalSection(SolutionConfigurationPlatforms) = preSolution
		Debug|Any CPU = Debug|Any CPU
		Release|Any CPU = Release|Any CPU
	EndGlobalSection
	GlobalSection(ProjectConfigurationPlatforms) = postSolution
		{C64C7438-13DA-4EDB-A1B6-16967929B59F}.Debug|Any CPU.ActiveCfg = Debug|Any CPU
		{C64C7438-13DA-4EDB-A1B6-16967929B59F}.Debug|Any CPU.Build.0 = Debug|Any CPU
		{C64C7438-13DA-4EDB-A1B6-16967929B59F}.Release|Any CPU.ActiveCfg = Release|Any CPU
		{C64C7438-13DA-4EDB-A1B6-16967929B59F}.Release|Any CPU.Build.0 = Release|Any CPU
	EndGlobalSection
	GlobalSection(SolutionProperties) = preSolution
		HideSolutionNode = FALSE
	EndGlobalSection
	GlobalSection(ExtensibilityGlobals) = postSolution
		SolutionGuid = {86C80A66-E38A-4CF5-A964-0C04B1CEEBA6}
	EndGlobalSection
EndGlobal
